
Microsoft Visual Studio Solution File, Format Version 12.00
# Visual Studio Version 17
VisualStudioVersion = 17.4.33205.214
MinimumVisualStudioVersion = 10.0.40219.1
Project("{FAE04EC0-301F-11D3-BF4B-00C04F79EFBC}") = "WinFormsApp", "WinFormsApp\WinFormsApp.csproj", "{398E8145-F40E-4C3C-86DC-BE9E2B01ADD8}"
EndProject
Global
	GlobalSection(SolutionConfigurationPlatforms) = preSolution
		Debug|Any CPU = Debug|Any CPU
		Release|Any CPU = Release|Any CPU
	EndGlobalSection
	GlobalSection(ProjectConfigurationPlatforms) = postSolution
		{398E8145-F40E-4C3C-86DC-BE9E2B01ADD8}.Debug|Any CPU.ActiveCfg = Debug|Any CPU
		{398E8145-F40E-4C3C-86DC-BE9E2B01ADD8}.Debug|Any CPU.Build.0 = Debug|Any CPU
		{398E8145-F40E-4C3C-86DC-BE9E2B01ADD8}.Release|Any CPU.ActiveCfg = Release|Any CPU
		{398E8145-F40E-4C3C-86DC-BE9E2B01ADD8}.Release|Any CPU.Build.0 = Release|Any CPU
	EndGlobalSection
	GlobalSection(SolutionProperties) = preSolution
		HideSolutionNode = FALSE
	EndGlobalSection
	GlobalSection(ExtensibilityGlobals) = postSolution
		SolutionGuid = {7D781717-4F8E-48CC-89B5-B82E895D64B1}
	EndGlobalSection
EndGlobal
